
Microsoft Visual Studio Solution File, Format Version 12.00
# Visual Studio Version 16
VisualStudioVersion = 16.0.29920.165
MinimumVisualStudioVersion = 10.0.40219.1
Project("{FAE04EC0-301F-11D3-BF4B-00C04F79EFBC}") = "HallOfTodos.API", "HallOfTodos.API\HallOfTodos.API.csproj", "{D9043CC4-4A41-47D6-A1BE-B770B9AEE8F1}"
EndProject
Global
	GlobalSection(SolutionConfigurationPlatforms) = preSolution
		Debug|Any CPU = Debug|Any CPU
		Release|Any CPU = Release|Any CPU
	EndGlobalSection
	GlobalSection(ProjectConfigurationPlatforms) = postSolution
		{D9043CC4-4A41-47D6-A1BE-B770B9AEE8F1}.Debug|Any CPU.ActiveCfg = Debug|Any CPU
		{D9043CC4-4A41-47D6-A1BE-B770B9AEE8F1}.Debug|Any CPU.Build.0 = Debug|Any CPU
		{D9043CC4-4A41-47D6-A1BE-B770B9AEE8F1}.Release|Any CPU.ActiveCfg = Release|Any CPU
		{D9043CC4-4A41-47D6-A1BE-B770B9AEE8F1}.Release|Any CPU.Build.0 = Release|Any CPU
	EndGlobalSection
	GlobalSection(SolutionProperties) = preSolution
		HideSolutionNode = FALSE
	EndGlobalSection
	GlobalSection(ExtensibilityGlobals) = postSolution
		SolutionGuid = {EB04401B-BBFD-4654-80D2-3E7A0DF5921F}
	EndGlobalSection
EndGlobal
